
Microsoft Visual Studio Solution File, Format Version 12.00
# Visual Studio Version 17
VisualStudioVersion = 17.8.34511.84
MinimumVisualStudioVersion = 10.0.40219.1
Project("{F184B08F-C81C-45F6-A57F-5ABD9991F28F}") = "Bosch DigiCard", "Bosch DigiCard.vbproj", "{967957D5-8F1B-4291-A96D-22C2992E10DE}"
EndProject
Project("{2150E333-8FDC-42A3-9474-1A3956D46DE8}") = "Solution Items", "Solution Items", "{87F7FFEF-E48E-47B9-85E0-CECF0487FE53}"
EndProject
Global
	GlobalSection(SolutionConfigurationPlatforms) = preSolution
		Debug|Any CPU = Debug|Any CPU
		Release|Any CPU = Release|Any CPU
	EndGlobalSection
	GlobalSection(ProjectConfigurationPlatforms) = postSolution
		{967957D5-8F1B-4291-A96D-22C2992E10DE}.Debug|Any CPU.ActiveCfg = Debug|Any CPU
		{967957D5-8F1B-4291-A96D-22C2992E10DE}.Debug|Any CPU.Build.0 = Debug|Any CPU
		{967957D5-8F1B-4291-A96D-22C2992E10DE}.Release|Any CPU.ActiveCfg = Release|Any CPU
		{967957D5-8F1B-4291-A96D-22C2992E10DE}.Release|Any CPU.Build.0 = Release|Any CPU
	EndGlobalSection
	GlobalSection(SolutionProperties) = preSolution
		HideSolutionNode = FALSE
	EndGlobalSection
	GlobalSection(ExtensibilityGlobals) = postSolution
		SolutionGuid = {86115096-CC35-41C7-9C49-D9A71FD65ACF}
	EndGlobalSection
EndGlobal
